Microsoft Visual Studio Solution File, Format Version 12.00
# Visual Studio 2012
Project("{FAE04EC0-301F-11D3-BF4B-00C04F79EFBC}") = "Logic Simulator", "Logic Simulator.csproj", "{12A1C0A6-D4D9-43B0-8B07-41D2FD48D95C}"
EndProject
Global
	GlobalSection(SolutionConfigurationPlatforms) = preSolution
	Debug|Any CPU = Debug|Any CPU
	ExportDebug|Any CPU = ExportDebug|Any CPU
	ExportRelease|Any CPU = ExportRelease|Any CPU
	EndGlobalSection
	GlobalSection(ProjectConfigurationPlatforms) = postSolution
		{12A1C0A6-D4D9-43B0-8B07-41D2FD48D95C}.Debug|Any CPU.ActiveCfg = Debug|Any CPU
		{12A1C0A6-D4D9-43B0-8B07-41D2FD48D95C}.Debug|Any CPU.Build.0 = Debug|Any CPU
		{12A1C0A6-D4D9-43B0-8B07-41D2FD48D95C}.ExportDebug|Any CPU.ActiveCfg = ExportDebug|Any CPU
		{12A1C0A6-D4D9-43B0-8B07-41D2FD48D95C}.ExportDebug|Any CPU.Build.0 = ExportDebug|Any CPU
		{12A1C0A6-D4D9-43B0-8B07-41D2FD48D95C}.ExportRelease|Any CPU.ActiveCfg = ExportRelease|Any CPU
		{12A1C0A6-D4D9-43B0-8B07-41D2FD48D95C}.ExportRelease|Any CPU.Build.0 = ExportRelease|Any CPU
	EndGlobalSection
EndGlobal
